
Microsoft Visual Studio Solution File, Format Version 12.00
# Visual Studio Version 16
VisualStudioVersion = 16.0.31005.135
MinimumVisualStudioVersion = 10.0.40219.1
Project("{FAE04EC0-301F-11D3-BF4B-00C04F79EFBC}") = "Cel.Raul.AzureFunctions", "Cel.Raul.AzureFunctions\Cel.Raul.AzureFunctions.csproj", "{AD9A5EC3-3C95-4374-B438-F6F78C55CC54}"
EndProject
Global
	GlobalSection(SolutionConfigurationPlatforms) = preSolution
		Debug|Any CPU = Debug|Any CPU
		Release|Any CPU = Release|Any CPU
	EndGlobalSection
	GlobalSection(ProjectConfigurationPlatforms) = postSolution
		{AD9A5EC3-3C95-4374-B438-F6F78C55CC54}.Debug|Any CPU.ActiveCfg = Debug|Any CPU
		{AD9A5EC3-3C95-4374-B438-F6F78C55CC54}.Debug|Any CPU.Build.0 = Debug|Any CPU
		{AD9A5EC3-3C95-4374-B438-F6F78C55CC54}.Release|Any CPU.ActiveCfg = Release|Any CPU
		{AD9A5EC3-3C95-4374-B438-F6F78C55CC54}.Release|Any CPU.Build.0 = Release|Any CPU
	EndGlobalSection
	GlobalSection(SolutionProperties) = preSolution
		HideSolutionNode = FALSE
	EndGlobalSection
	GlobalSection(ExtensibilityGlobals) = postSolution
		SolutionGuid = {EB9A24B2-5ED5-4A32-94C5-E6B679A39B6D}
	EndGlobalSection
EndGlobal
